Microsoft Visual Studio Solution File, Format Version 12.00
# Visual Studio Version 17
VisualStudioVersion = 17.2.32616.157
MinimumVisualStudioVersion = 10.0.40219.1
Project("{2150E333-8FDC-42A3-9474-1A3956D46DE8}") = "Solution Items", "Solution Items", "{CED4973A-F35D-4D85-B2A4-081D7E8E98E6}"
	ProjectSection(SolutionItems) = preProject
		.editorconfig = .editorconfig
		.gitignore = .gitignore
		appveyor.yml = appveyor.yml
		Cris.docx = Cris.docx
		Directory.Build.props = Directory.Build.props
		NuGet.config = NuGet.config
		RepositoryInfo.xml = RepositoryInfo.xml
		Common\SharedKey.snk = Common\SharedKey.snk
	EndProjectSection
EndProject
Project("{2150E333-8FDC-42A3-9474-1A3956D46DE8}") = "Tests", "Tests", "{4D3EF9AD-5153-461D-8538-F321B6EF7121}"
	ProjectSection(SolutionItems) = preProject
		Tests\TestHelper.config = Tests\TestHelper.config
	EndProjectSection
EndProject
Project("{9A19103F-16F7-4668-BE54-9A1E7A4F7556}") = "CodeCakeBuilder", "CodeCakeBuilder\CodeCakeBuilder.csproj", "{FD4817B6-3CD7-4E74-AA10-7CA95FDFCF2D}"
EndProject
Project("{9A19103F-16F7-4668-BE54-9A1E7A4F7556}") = "CK.Cris.Executor.Tests", "Tests\CK.Cris.Executor.Tests\CK.Cris.Executor.Tests.csproj", "{8584D153-3428-4B14-AFD1-0457885AD903}"
EndProject
Project("{9A19103F-16F7-4668-BE54-9A1E7A4F7556}") = "CK.Cris", "CK.Cris\CK.Cris.csproj", "{717D81DF-C488-49EB-8423-C838D259E53C}"
EndProject
Project("{9A19103F-16F7-4668-BE54-9A1E7A4F7556}") = "CK.Cris.Executor", "CK.Cris.Executor\CK.Cris.Executor.csproj", "{0B49489B-F192-448C-873F-38A7AECB8D61}"
EndProject
Project("{9A19103F-16F7-4668-BE54-9A1E7A4F7556}") = "CK.Cris.Executor.Engine", "CK.Cris.Executor.Engine\CK.Cris.Executor.Engine.csproj", "{203109C7-0DAB-47C7-AD4E-E4FD0D5F5135}"
EndProject
Project("{9A19103F-16F7-4668-BE54-9A1E7A4F7556}") = "CK.Cris.Engine", "CK.Cris.Engine\CK.Cris.Engine.csproj", "{69B062B9-2C52-479F-BFBF-1708C74A82CD}"
EndProject
Project("{9A19103F-16F7-4668-BE54-9A1E7A4F7556}") = "CK.Cris.Tests", "Tests\CK.Cris.Tests\CK.Cris.Tests.csproj", "{79A461A3-5F21-4D9C-ADDD-3A46A1C60B90}"
EndProject
Project("{9A19103F-16F7-4668-BE54-9A1E7A4F7556}") = "CK.Cris.AspNet", "CK.Cris.AspNet\CK.Cris.AspNet.csproj", "{1CC24AE9-995C-42AD-9AD7-B37971D70431}"
EndProject
Project("{9A19103F-16F7-4668-BE54-9A1E7A4F7556}") = "CK.Cris.AspNet.Engine", "CK.Cris.AspNet.Engine\CK.Cris.AspNet.Engine.csproj", "{084EA455-90B4-450E-9072-91CE5591B236}"
EndProject
Project("{9A19103F-16F7-4668-BE54-9A1E7A4F7556}") = "CK.Cris.AspNet.Tests", "Tests\CK.Cris.AspNet.Tests\CK.Cris.AspNet.Tests.csproj", "{9626283D-CAC7-4B78-94AA-86441AA3DBDA}"
EndProject
Project("{9A19103F-16F7-4668-BE54-9A1E7A4F7556}") = "CK.Auth.Cris", "CK.Auth.Cris\CK.Auth.Cris.csproj", "{5599A0BC-46B1-43B4-8B88-D7452B613A7F}"
EndProject
Project("{9A19103F-16F7-4668-BE54-9A1E7A4F7556}") = "CK.Cris.TypeScript", "CK.Cris.TypeScript\CK.Cris.TypeScript.csproj", "{6B18E6D0-47C3-472D-B0B4-9D49B91368F9}"
EndProject
Project("{9A19103F-16F7-4668-BE54-9A1E7A4F7556}") = "CK.Cris.BackgroundExecutor", "CK.Cris.BackgroundExecutor\CK.Cris.BackgroundExecutor.csproj", "{1A53444A-2220-4539-858D-2CA88902D32C}"
EndProject
Project("{9A19103F-16F7-4668-BE54-9A1E7A4F7556}") = "CK.Cris.BackgroundExecutor.Tests", "Tests\CK.Cris.BackgroundExecutor.Tests\CK.Cris.BackgroundExecutor.Tests.csproj", "{30AAD169-49F5-4B14-A638-F5825F148DF7}"
EndProject
Project("{2150E333-8FDC-42A3-9474-1A3956D46DE8}") = "Documentation", "Documentation", "{0525F8A8-6C51-4A5A-80E2-0F3A96FD7515}"
	ProjectSection(SolutionItems) = preProject
		Documentation\Abstractions.png = Documentation\Abstractions.png
		Documentation\AuthenticatedCommands.png = Documentation\AuthenticatedCommands.png
	EndProjectSection
EndProject
Project("{9A19103F-16F7-4668-BE54-9A1E7A4F7556}") = "CK.Testing.CrisAspNetEngine", "CK.Testing.CrisAspNetEngine\CK.Testing.CrisAspNetEngine.csproj", "{E1ECA01B-38B6-484A-BB7E-3B9059F19903}"
EndProject
Project("{9A19103F-16F7-4668-BE54-9A1E7A4F7556}") = "CK.Cris.HttpSender", "CK.Cris.HttpSender\CK.Cris.HttpSender.csproj", "{B9DE73FB-DF0F-4F36-8AE1-0CEFAB013BB7}"
EndProject
Project("{9A19103F-16F7-4668-BE54-9A1E7A4F7556}") = "CK.Cris.HttpSender.Tests", "Tests\CK.Cris.HttpSender.Tests\CK.Cris.HttpSender.Tests.csproj", "{464E027C-C5A1-4061-8472-1F45D99802E3}"
EndProject
Project("{9A19103F-16F7-4668-BE54-9A1E7A4F7556}") = "CK.AspNet.Auth.Cris", "CK.AspNet.Auth.Cris\CK.AspNet.Auth.Cris.csproj", "{19E0959F-E8DF-4FA5-9121-F3C7130F2B72}"
EndProject
Project("{9A19103F-16F7-4668-BE54-9A1E7A4F7556}") = "CK.IO.AspNet", "CK.IO.AspNet\CK.IO.AspNet.csproj", "{46E79C15-6B18-4D71-9A03-095CAD905198}"
EndProject
Global
	GlobalSection(SolutionConfigurationPlatforms) = preSolution
		Debug|Any CPU = Debug|Any CPU
		Release|Any CPU = Release|Any CPU
	EndGlobalSection
	GlobalSection(ProjectConfigurationPlatforms) = postSolution
		{FD4817B6-3CD7-4E74-AA10-7CA95FDFCF2D}.Debug|Any CPU.ActiveCfg = Debug|Any CPU
		{FD4817B6-3CD7-4E74-AA10-7CA95FDFCF2D}.Debug|Any CPU.Build.0 = Debug|Any CPU
		{FD4817B6-3CD7-4E74-AA10-7CA95FDFCF2D}.Release|Any CPU.ActiveCfg = Release|Any CPU
		{FD4817B6-3CD7-4E74-AA10-7CA95FDFCF2D}.Release|Any CPU.Build.0 = Release|Any CPU
		{8584D153-3428-4B14-AFD1-0457885AD903}.Debug|Any CPU.ActiveCfg = Debug|Any CPU
		{8584D153-3428-4B14-AFD1-0457885AD903}.Debug|Any CPU.Build.0 = Debug|Any CPU
		{8584D153-3428-4B14-AFD1-0457885AD903}.Release|Any CPU.ActiveCfg = Release|Any CPU
		{8584D153-3428-4B14-AFD1-0457885AD903}.Release|Any CPU.Build.0 = Release|Any CPU
		{717D81DF-C488-49EB-8423-C838D259E53C}.Debug|Any CPU.ActiveCfg = Debug|Any CPU
		{717D81DF-C488-49EB-8423-C838D259E53C}.Debug|Any CPU.Build.0 = Debug|Any CPU
		{717D81DF-C488-49EB-8423-C838D259E53C}.Release|Any CPU.ActiveCfg = Release|Any CPU
		{717D81DF-C488-49EB-8423-C838D259E53C}.Release|Any CPU.Build.0 = Release|Any CPU
		{0B49489B-F192-448C-873F-38A7AECB8D61}.Debug|Any CPU.ActiveCfg = Debug|Any CPU
		{0B49489B-F192-448C-873F-38A7AECB8D61}.Debug|Any CPU.Build.0 = Debug|Any CPU
		{0B49489B-F192-448C-873F-38A7AECB8D61}.Release|Any CPU.ActiveCfg = Release|Any CPU
		{0B49489B-F192-448C-873F-38A7AECB8D61}.Release|Any CPU.Build.0 = Release|Any CPU
		{203109C7-0DAB-47C7-AD4E-E4FD0D5F5135}.Debug|Any CPU.ActiveCfg = Debug|Any CPU
		{203109C7-0DAB-47C7-AD4E-E4FD0D5F5135}.Debug|Any CPU.Build.0 = Debug|Any CPU
		{203109C7-0DAB-47C7-AD4E-E4FD0D5F5135}.Release|Any CPU.ActiveCfg = Release|Any CPU
		{203109C7-0DAB-47C7-AD4E-E4FD0D5F5135}.Release|Any CPU.Build.0 = Release|Any CPU
		{69B062B9-2C52-479F-BFBF-1708C74A82CD}.Debug|Any CPU.ActiveCfg = Debug|Any CPU
		{69B062B9-2C52-479F-BFBF-1708C74A82CD}.Debug|Any CPU.Build.0 = Debug|Any CPU
		{69B062B9-2C52-479F-BFBF-1708C74A82CD}.Release|Any CPU.ActiveCfg = Release|Any CPU
		{69B062B9-2C52-479F-BFBF-1708C74A82CD}.Release|Any CPU.Build.0 = Release|Any CPU
		{79A461A3-5F21-4D9C-ADDD-3A46A1C60B90}.Debug|Any CPU.ActiveCfg = Debug|Any CPU
		{79A461A3-5F21-4D9C-ADDD-3A46A1C60B90}.Debug|Any CPU.Build.0 = Debug|Any CPU
		{79A461A3-5F21-4D9C-ADDD-3A46A1C60B90}.Release|Any CPU.ActiveCfg = Release|Any CPU
		{79A461A3-5F21-4D9C-ADDD-3A46A1C60B90}.Release|Any CPU.Build.0 = Release|Any CPU
		{1CC24AE9-995C-42AD-9AD7-B37971D70431}.Debug|Any CPU.ActiveCfg = Debug|Any CPU
		{1CC24AE9-995C-42AD-9AD7-B37971D70431}.Debug|Any CPU.Build.0 = Debug|Any CPU
		{1CC24AE9-995C-42AD-9AD7-B37971D70431}.Release|Any CPU.ActiveCfg = Release|Any CPU
		{1CC24AE9-995C-42AD-9AD7-B37971D70431}.Release|Any CPU.Build.0 = Release|Any CPU
		{084EA455-90B4-450E-9072-91CE5591B236}.Debug|Any CPU.ActiveCfg = Debug|Any CPU
		{084EA455-90B4-450E-9072-91CE5591B236}.Debug|Any CPU.Build.0 = Debug|Any CPU
		{084EA455-90B4-450E-9072-91CE5591B236}.Release|Any CPU.ActiveCfg = Release|Any CPU
		{084EA455-90B4-450E-9072-91CE5591B236}.Release|Any CPU.Build.0 = Release|Any CPU
		{9626283D-CAC7-4B78-94AA-86441AA3DBDA}.Debug|Any CPU.ActiveCfg = Debug|Any CPU
		{9626283D-CAC7-4B78-94AA-86441AA3DBDA}.Debug|Any CPU.Build.0 = Debug|Any CPU
		{9626283D-CAC7-4B78-94AA-86441AA3DBDA}.Release|Any CPU.ActiveCfg = Release|Any CPU
		{9626283D-CAC7-4B78-94AA-86441AA3DBDA}.Release|Any CPU.Build.0 = Release|Any CPU
		{5599A0BC-46B1-43B4-8B88-D7452B613A7F}.Debug|Any CPU.ActiveCfg = Debug|Any CPU
		{5599A0BC-46B1-43B4-8B88-D7452B613A7F}.Debug|Any CPU.Build.0 = Debug|Any CPU
		{5599A0BC-46B1-43B4-8B88-D7452B613A7F}.Release|Any CPU.ActiveCfg = Release|Any CPU
		{5599A0BC-46B1-43B4-8B88-D7452B613A7F}.Release|Any CPU.Build.0 = Release|Any CPU
		{6B18E6D0-47C3-472D-B0B4-9D49B91368F9}.Debug|Any CPU.ActiveCfg = Debug|Any CPU
		{6B18E6D0-47C3-472D-B0B4-9D49B91368F9}.Debug|Any CPU.Build.0 = Debug|Any CPU
		{6B18E6D0-47C3-472D-B0B4-9D49B91368F9}.Release|Any CPU.ActiveCfg = Release|Any CPU
		{6B18E6D0-47C3-472D-B0B4-9D49B91368F9}.Release|Any CPU.Build.0 = Release|Any CPU
		{1A53444A-2220-4539-858D-2CA88902D32C}.Debug|Any CPU.ActiveCfg = Debug|Any CPU
		{1A53444A-2220-4539-858D-2CA88902D32C}.Debug|Any CPU.Build.0 = Debug|Any CPU
		{1A53444A-2220-4539-858D-2CA88902D32C}.Release|Any CPU.ActiveCfg = Release|Any CPU
		{1A53444A-2220-4539-858D-2CA88902D32C}.Release|Any CPU.Build.0 = Release|Any CPU
		{30AAD169-49F5-4B14-A638-F5825F148DF7}.Debug|Any CPU.ActiveCfg = Debug|Any CPU
		{30AAD169-49F5-4B14-A638-F5825F148DF7}.Debug|Any CPU.Build.0 = Debug|Any CPU
		{30AAD169-49F5-4B14-A638-F5825F148DF7}.Release|Any CPU.ActiveCfg = Release|Any CPU
		{30AAD169-49F5-4B14-A638-F5825F148DF7}.Release|Any CPU.Build.0 = Release|Any CPU
		{E1ECA01B-38B6-484A-BB7E-3B9059F19903}.Debug|Any CPU.ActiveCfg = Debug|Any CPU
		{E1ECA01B-38B6-484A-BB7E-3B9059F19903}.Debug|Any CPU.Build.0 = Debug|Any CPU
		{E1ECA01B-38B6-484A-BB7E-3B9059F19903}.Release|Any CPU.ActiveCfg = Release|Any CPU
		{E1ECA01B-38B6-484A-BB7E-3B9059F19903}.Release|Any CPU.Build.0 = Release|Any CPU
		{B9DE73FB-DF0F-4F36-8AE1-0CEFAB013BB7}.Debug|Any CPU.ActiveCfg = Debug|Any CPU
		{B9DE73FB-DF0F-4F36-8AE1-0CEFAB013BB7}.Debug|Any CPU.Build.0 = Debug|Any CPU
		{B9DE73FB-DF0F-4F36-8AE1-0CEFAB013BB7}.Release|Any CPU.ActiveCfg = Release|Any CPU
		{B9DE73FB-DF0F-4F36-8AE1-0CEFAB013BB7}.Release|Any CPU.Build.0 = Release|Any CPU
		{464E027C-C5A1-4061-8472-1F45D99802E3}.Debug|Any CPU.ActiveCfg = Debug|Any CPU
		{464E027C-C5A1-4061-8472-1F45D99802E3}.Debug|Any CPU.Build.0 = Debug|Any CPU
		{464E027C-C5A1-4061-8472-1F45D99802E3}.Release|Any CPU.ActiveCfg = Release|Any CPU
		{464E027C-C5A1-4061-8472-1F45D99802E3}.Release|Any CPU.Build.0 = Release|Any CPU
		{19E0959F-E8DF-4FA5-9121-F3C7130F2B72}.Debug|Any CPU.ActiveCfg = Debug|Any CPU
		{19E0959F-E8DF-4FA5-9121-F3C7130F2B72}.Debug|Any CPU.Build.0 = Debug|Any CPU
		{19E0959F-E8DF-4FA5-9121-F3C7130F2B72}.Release|Any CPU.ActiveCfg = Release|Any CPU
		{19E0959F-E8DF-4FA5-9121-F3C7130F2B72}.Release|Any CPU.Build.0 = Release|Any CPU
		{46E79C15-6B18-4D71-9A03-095CAD905198}.Debug|Any CPU.ActiveCfg = Debug|Any CPU
		{46E79C15-6B18-4D71-9A03-095CAD905198}.Debug|Any CPU.Build.0 = Debug|Any CPU
		{46E79C15-6B18-4D71-9A03-095CAD905198}.Release|Any CPU.ActiveCfg = Release|Any CPU
		{46E79C15-6B18-4D71-9A03-095CAD905198}.Release|Any CPU.Build.0 = Release|Any CPU
	EndGlobalSection
	GlobalSection(SolutionProperties) = preSolution
		HideSolutionNode = FALSE
	EndGlobalSection
	GlobalSection(NestedProjects) = preSolution
		{8584D153-3428-4B14-AFD1-0457885AD903} = {4D3EF9AD-5153-461D-8538-F321B6EF7121}
		{79A461A3-5F21-4D9C-ADDD-3A46A1C60B90} = {4D3EF9AD-5153-461D-8538-F321B6EF7121}
		{9626283D-CAC7-4B78-94AA-86441AA3DBDA} = {4D3EF9AD-5153-461D-8538-F321B6EF7121}
		{30AAD169-49F5-4B14-A638-F5825F148DF7} = {4D3EF9AD-5153-461D-8538-F321B6EF7121}
		{0525F8A8-6C51-4A5A-80E2-0F3A96FD7515} = {CED4973A-F35D-4D85-B2A4-081D7E8E98E6}
		{464E027C-C5A1-4061-8472-1F45D99802E3} = {4D3EF9AD-5153-461D-8538-F321B6EF7121}
	EndGlobalSection
	GlobalSection(ExtensibilityGlobals) = postSolution
		SolutionGuid = {228BD9A5-6AA5-4F89-A2AE-FCE153B1FC03}
	EndGlobalSection
EndGlobal
